# THIS IS AN AUTOGENERATED FILE. DO NOT EDIT THIS FILE DIRECTLY.
# yarn lockfile v1


stream-chain@^2.2.5:
  version "2.2.5"
  resolved "https://registry.yarnpkg.com/stream-chain/-/stream-chain-2.2.5.tgz#b30967e8f14ee033c5b9a19bbe8a2cba90ba0d09"
  integrity sha512-1TJmBx6aSWqZ4tx7aTpBDXK0/e2hhcNSTV8+CbFJtDjbb+I1mZ8lHit0Grw9GRT+6JbIrrDd8esncgBi8aBXGA==

stream-json@^1.7.4:
  version "1.7.4"
  resolved "https://registry.yarnpkg.com/stream-json/-/stream-json-1.7.4.tgz#e41637f93c5aca7267009ca8a3f6751e62331e69"
  integrity sha512-ja2dde1v7dOlx5/vmavn8kLrxvNfs7r2oNc5DYmNJzayDDdudyCSuTB1gFjH4XBVTIwxiMxL4i059HX+ZiouXg==
  dependencies:
    stream-chain "^2.2.5"
